
Microsoft Visual Studio Solution File, Format Version 12.00
# Visual Studio Version 17
VisualStudioVersion = 17.13.35931.197 d17.13
MinimumVisualStudioVersion = 10.0.40219.1
Project("{FAE04EC0-301F-11D3-BF4B-00C04F79EFBC}") = "Evacuations.API", "Evacuation.API\Evacuations.API.csproj", "{F760D26B-C48D-4DBE-850C-D226BE68E6F3}"
EndProject
Project("{FAE04EC0-301F-11D3-BF4B-00C04F79EFBC}") = "Evacuations.Application", "Evacuation.Application\Evacuations.Application.csproj", "{DDE57FE5-F20C-46FB-AE62-3B7F009E02F2}"
EndProject
Project("{FAE04EC0-301F-11D3-BF4B-00C04F79EFBC}") = "Evacuations.Domain", "Evacuation.Domain\Evacuations.Domain.csproj", "{BE2C79B1-A4E3-4207-855F-AA83D3A0D58B}"
EndProject
Project("{FAE04EC0-301F-11D3-BF4B-00C04F79EFBC}") = "Evacuations.Infrastructure", "Evacuation.Infrastructure\Evacuations.Infrastructure.csproj", "{FB94A6FF-E8E6-4814-A774-26EFCA4BD7F1}"
EndProject
Global
	GlobalSection(SolutionConfigurationPlatforms) = preSolution
		Debug|Any CPU = Debug|Any CPU
		Release|Any CPU = Release|Any CPU
	EndGlobalSection
	GlobalSection(ProjectConfigurationPlatforms) = postSolution
		{F760D26B-C48D-4DBE-850C-D226BE68E6F3}.Debug|Any CPU.ActiveCfg = Debug|Any CPU
		{F760D26B-C48D-4DBE-850C-D226BE68E6F3}.Debug|Any CPU.Build.0 = Debug|Any CPU
		{F760D26B-C48D-4DBE-850C-D226BE68E6F3}.Release|Any CPU.ActiveCfg = Release|Any CPU
		{F760D26B-C48D-4DBE-850C-D226BE68E6F3}.Release|Any CPU.Build.0 = Release|Any CPU
		{DDE57FE5-F20C-46FB-AE62-3B7F009E02F2}.Debug|Any CPU.ActiveCfg = Debug|Any CPU
		{DDE57FE5-F20C-46FB-AE62-3B7F009E02F2}.Debug|Any CPU.Build.0 = Debug|Any CPU
		{DDE57FE5-F20C-46FB-AE62-3B7F009E02F2}.Release|Any CPU.ActiveCfg = Release|Any CPU
		{DDE57FE5-F20C-46FB-AE62-3B7F009E02F2}.Release|Any CPU.Build.0 = Release|Any CPU
		{BE2C79B1-A4E3-4207-855F-AA83D3A0D58B}.Debug|Any CPU.ActiveCfg = Debug|Any CPU
		{BE2C79B1-A4E3-4207-855F-AA83D3A0D58B}.Debug|Any CPU.Build.0 = Debug|Any CPU
		{BE2C79B1-A4E3-4207-855F-AA83D3A0D58B}.Release|Any CPU.ActiveCfg = Release|Any CPU
		{BE2C79B1-A4E3-4207-855F-AA83D3A0D58B}.Release|Any CPU.Build.0 = Release|Any CPU
		{FB94A6FF-E8E6-4814-A774-26EFCA4BD7F1}.Debug|Any CPU.ActiveCfg = Debug|Any CPU
		{FB94A6FF-E8E6-4814-A774-26EFCA4BD7F1}.Debug|Any CPU.Build.0 = Debug|Any CPU
		{FB94A6FF-E8E6-4814-A774-26EFCA4BD7F1}.Release|Any CPU.ActiveCfg = Release|Any CPU
		{FB94A6FF-E8E6-4814-A774-26EFCA4BD7F1}.Release|Any CPU.Build.0 = Release|Any CPU
	EndGlobalSection
	GlobalSection(SolutionProperties) = preSolution
		HideSolutionNode = FALSE
	EndGlobalSection
	GlobalSection(ExtensibilityGlobals) = postSolution
		SolutionGuid = {D5BBC1EE-340B-4F74-8B0D-BF74E9F9871B}
	EndGlobalSection
EndGlobal
